
Microsoft Visual Studio Solution File, Format Version 12.00
# Visual Studio Version 16
VisualStudioVersion = 16.0.31424.327
MinimumVisualStudioVersion = 10.0.40219.1
Project("{FAE04EC0-301F-11D3-BF4B-00C04F79EFBC}") = "ApiPagoMP", "ApiPagoMP\ApiPagoMP.csproj", "{18F6F201-791A-4B45-82EA-7311AAC5B87E}"
EndProject
Global
	GlobalSection(SolutionConfigurationPlatforms) = preSolution
		Debug|Any CPU = Debug|Any CPU
		Release|Any CPU = Release|Any CPU
	EndGlobalSection
	GlobalSection(ProjectConfigurationPlatforms) = postSolution
		{18F6F201-791A-4B45-82EA-7311AAC5B87E}.Debug|Any CPU.ActiveCfg = Debug|Any CPU
		{18F6F201-791A-4B45-82EA-7311AAC5B87E}.Debug|Any CPU.Build.0 = Debug|Any CPU
		{18F6F201-791A-4B45-82EA-7311AAC5B87E}.Release|Any CPU.ActiveCfg = Release|Any CPU
		{18F6F201-791A-4B45-82EA-7311AAC5B87E}.Release|Any CPU.Build.0 = Release|Any CPU
	EndGlobalSection
	GlobalSection(SolutionProperties) = preSolution
		HideSolutionNode = FALSE
	EndGlobalSection
	GlobalSection(ExtensibilityGlobals) = postSolution
		SolutionGuid = {6E71D27F-A76F-405C-B2D6-9202FA4FEBD0}
	EndGlobalSection
EndGlobal
